
Microsoft Visual Studio Solution File, Format Version 12.00
# Visual Studio 15
VisualStudioVersion = 15.0.27004.2009
MinimumVisualStudioVersion = 10.0.40219.1
Project("{9A19103F-16F7-4668-BE54-9A1E7A4F7556}") = "AttendanceWebApi", "AttendanceWebApi.csproj", "{82FF196A-3BAA-4549-BC85-5144A4CF7279}"
EndProject
Global
	GlobalSection(SolutionConfigurationPlatforms) = preSolution
		Debug|Any CPU = Debug|Any CPU
		Release|Any CPU = Release|Any CPU
	EndGlobalSection
	GlobalSection(ProjectConfigurationPlatforms) = postSolution
		{82FF196A-3BAA-4549-BC85-5144A4CF7279}.Debug|Any CPU.ActiveCfg = Debug|Any CPU
		{82FF196A-3BAA-4549-BC85-5144A4CF7279}.Debug|Any CPU.Build.0 = Debug|Any CPU
		{82FF196A-3BAA-4549-BC85-5144A4CF7279}.Release|Any CPU.ActiveCfg = Release|Any CPU
		{82FF196A-3BAA-4549-BC85-5144A4CF7279}.Release|Any CPU.Build.0 = Release|Any CPU
	EndGlobalSection
	GlobalSection(SolutionProperties) = preSolution
		HideSolutionNode = FALSE
	EndGlobalSection
	GlobalSection(ExtensibilityGlobals) = postSolution
		SolutionGuid = {8D2AD5A9-152A-4D51-A98D-62C53397426C}
	EndGlobalSection
EndGlobal
